Microsoft Visual Studio Solution File, Format Version 12.00
# Visual Studio Version 17
VisualStudioVersion = 17.5.2.0
MinimumVisualStudioVersion = 10.0.40219.1
Project("{FAE04EC0-301F-11D3-BF4B-00C04F79EFBC}") = "CarApp", "CarApp\CarApp.csproj", "{666E1D56-F21C-2DEF-624A-6C8713B49DEE}"
EndProject
Global
	GlobalSection(SolutionConfigurationPlatforms) = preSolution
		Debug|Any CPU = Debug|Any CPU
		Release|Any CPU = Release|Any CPU
	EndGlobalSection
	GlobalSection(ProjectConfigurationPlatforms) = postSolution
		{666E1D56-F21C-2DEF-624A-6C8713B49DEE}.Debug|Any CPU.ActiveCfg = Debug|Any CPU
		{666E1D56-F21C-2DEF-624A-6C8713B49DEE}.Debug|Any CPU.Build.0 = Debug|Any CPU
		{666E1D56-F21C-2DEF-624A-6C8713B49DEE}.Release|Any CPU.ActiveCfg = Release|Any CPU
		{666E1D56-F21C-2DEF-624A-6C8713B49DEE}.Release|Any CPU.Build.0 = Release|Any CPU
	EndGlobalSection
	GlobalSection(SolutionProperties) = preSolution
		HideSolutionNode = FALSE
	EndGlobalSection
	GlobalSection(ExtensibilityGlobals) = postSolution
		SolutionGuid = {C2EB3F1A-DD6A-4D3F-A464-823106673A97}
	EndGlobalSection
EndGlobal
